PODS:
  - FBSnapshotTestCase (2.1.4):
    - FBSnapshotTestCase/SwiftSupport (= 2.1.4)
  - FBSnapshotTestCase/Core (2.1.4)
  - FBSnapshotTestCase/SwiftSupport (2.1.4):
    - FBSnapshotTestCase/Core
  - MLPagerView (0.1.1)

DEPENDENCIES:
  - FBSnapshotTestCase (~> 2.1.4)
  - MLPagerView (from `../MLPagerView.podspec`)

SPEC REPOS:
  https://github.com/CocoaPods/Specs.git:
    - FBSnapshotTestCase

EXTERNAL SOURCES:
  MLPagerView:
    :path: "../MLPagerView.podspec"

SPEC CHECKSUMS:
  FBSnapshotTestCase: 094f9f314decbabe373b87cc339bea235a63e07a
  MLPagerView: c609c3c49a57320b4b284fd9dc5bd26126de54c6

PODFILE CHECKSUM: 55e329431c0f55fc50263ea4ac4d28c95bd190cc

COCOAPODS: 1.5.0
